
Microsoft Visual Studio Solution File, Format Version 12.00
# Visual Studio Version 17
VisualStudioVersion = 17.5.33516.290
MinimumVisualStudioVersion = 10.0.40219.1
Project("{9A19103F-16F7-4668-BE54-9A1E7A4F7556}") = "Ex1", "Ex1\Ex1.csproj", "{AB59B992-8136-4925-BE7A-CAF9D1478AAE}"
EndProject
Project("{9A19103F-16F7-4668-BE54-9A1E7A4F7556}") = "TestEx", "TestEx\TestEx.csproj", "{307DBC37-1E0A-4331-94F2-C437A2EE0577}"
EndProject
Project("{9A19103F-16F7-4668-BE54-9A1E7A4F7556}") = "Ex2", "Ex2\Ex2.csproj", "{6B7A4D13-5139-491C-BE6D-649DAB30E55B}"
EndProject
Project("{FAE04EC0-301F-11D3-BF4B-00C04F79EFBC}") = "Ex3", "Ex3\Ex3.csproj", "{8BFA1D22-5E31-4B58-8743-B3DE0F69C0CC}"
EndProject
Global
	GlobalSection(SolutionConfigurationPlatforms) = preSolution
		Debug|Any CPU = Debug|Any CPU
		Release|Any CPU = Release|Any CPU
	EndGlobalSection
	GlobalSection(ProjectConfigurationPlatforms) = postSolution
		{AB59B992-8136-4925-BE7A-CAF9D1478AAE}.Debug|Any CPU.ActiveCfg = Debug|Any CPU
		{AB59B992-8136-4925-BE7A-CAF9D1478AAE}.Debug|Any CPU.Build.0 = Debug|Any CPU
		{AB59B992-8136-4925-BE7A-CAF9D1478AAE}.Release|Any CPU.ActiveCfg = Release|Any CPU
		{AB59B992-8136-4925-BE7A-CAF9D1478AAE}.Release|Any CPU.Build.0 = Release|Any CPU
		{307DBC37-1E0A-4331-94F2-C437A2EE0577}.Debug|Any CPU.ActiveCfg = Debug|Any CPU
		{307DBC37-1E0A-4331-94F2-C437A2EE0577}.Debug|Any CPU.Build.0 = Debug|Any CPU
		{307DBC37-1E0A-4331-94F2-C437A2EE0577}.Release|Any CPU.ActiveCfg = Release|Any CPU
		{307DBC37-1E0A-4331-94F2-C437A2EE0577}.Release|Any CPU.Build.0 = Release|Any CPU
		{6B7A4D13-5139-491C-BE6D-649DAB30E55B}.Debug|Any CPU.ActiveCfg = Debug|Any CPU
		{6B7A4D13-5139-491C-BE6D-649DAB30E55B}.Debug|Any CPU.Build.0 = Debug|Any CPU
		{6B7A4D13-5139-491C-BE6D-649DAB30E55B}.Release|Any CPU.ActiveCfg = Release|Any CPU
		{6B7A4D13-5139-491C-BE6D-649DAB30E55B}.Release|Any CPU.Build.0 = Release|Any CPU
		{8BFA1D22-5E31-4B58-8743-B3DE0F69C0CC}.Debug|Any CPU.ActiveCfg = Debug|Any CPU
		{8BFA1D22-5E31-4B58-8743-B3DE0F69C0CC}.Debug|Any CPU.Build.0 = Debug|Any CPU
		{8BFA1D22-5E31-4B58-8743-B3DE0F69C0CC}.Release|Any CPU.ActiveCfg = Release|Any CPU
		{8BFA1D22-5E31-4B58-8743-B3DE0F69C0CC}.Release|Any CPU.Build.0 = Release|Any CPU
	EndGlobalSection
	GlobalSection(SolutionProperties) = preSolution
		HideSolutionNode = FALSE
	EndGlobalSection
	GlobalSection(ExtensibilityGlobals) = postSolution
		SolutionGuid = {093859AA-97DA-42B1-87B2-E56A52D81DFF}
	EndGlobalSection
EndGlobal
